{
  "requires": true,
  "lockfileVersion": 1,
  "dependencies": {
    "echo-js": {
      "version": "1.7.3",
      "resolved": "https://registry.npmjs.org/echo-js/-/echo-js-1.7.3.tgz",
      "integrity": "sha1-bPBAtL3SP5UNBDLgKDkJ0/6Q2Pg="
    },
    "freezeframe": {
      "version": "4.1.3",
      "resolved": "https://registry.npmjs.org/freezeframe/-/freezeframe-4.1.3.tgz",
      "integrity": "sha512-AsR6x60OQ7atcbxgrkG/IX1b1D5ZXarOmc2a+jWIpXulPX0uihujiWGt/vCCh7baF0tesdm6tbKjKYZ0z5Dvow=="
    }
  }
}
